
Microsoft Visual Studio Solution File, Format Version 12.00
# Visual Studio Version 16
VisualStudioVersion = 16.0.29709.97
MinimumVisualStudioVersion = 10.0.40219.1
Project("{9A19103F-16F7-4668-BE54-9A1E7A4F7556}") = "AddHugeNumbers_NetCore", "AddHugeNumbers_NetCore\AddHugeNumbers_NetCore.csproj", "{6C340DAD-2320-4498-AA77-BC9C30C1041A}"
EndProject
Project("{9A19103F-16F7-4668-BE54-9A1E7A4F7556}") = "AddSubtract_NUnitTests", "AddSubtract_NUnitTests\AddSubtract_NUnitTests.csproj", "{64CF946D-542C-4C9F-9AEA-4FD2CD6D919B}"
EndProject
Project("{9A19103F-16F7-4668-BE54-9A1E7A4F7556}") = "TestCSharpCore_WpfApp1", "TestCSharp_WpfApp1\TestCSharpCore_WpfApp1.csproj", "{BF9F5429-64BB-4EC6-966D-EC37DEB6D754}"
EndProject
Project("{888888A0-9F3D-457C-B088-3A5042F75D52}") = "AddSubtract_Python", "AddSubtract_Python\AddSubtract_Python.pyproj", "{90DAB216-0102-4889-ACED-F5255A99E969}"
EndProject
Project("{FAE04EC0-301F-11D3-BF4B-00C04F79EFBC}") = "TestAdd_Core_ConsoleApp1", "TestAdd_Core_ConsoleApp1\TestAdd_Core_ConsoleApp1.csproj", "{A14DC0B6-E092-49CA-A144-D88A7E66750F}"
EndProject
Global
	GlobalSection(SolutionConfigurationPlatforms) = preSolution
		Debug|Any CPU = Debug|Any CPU
		Release|Any CPU = Release|Any CPU
	EndGlobalSection
	GlobalSection(ProjectConfigurationPlatforms) = postSolution
		{6C340DAD-2320-4498-AA77-BC9C30C1041A}.Debug|Any CPU.ActiveCfg = Debug|Any CPU
		{6C340DAD-2320-4498-AA77-BC9C30C1041A}.Debug|Any CPU.Build.0 = Debug|Any CPU
		{6C340DAD-2320-4498-AA77-BC9C30C1041A}.Release|Any CPU.ActiveCfg = Release|Any CPU
		{6C340DAD-2320-4498-AA77-BC9C30C1041A}.Release|Any CPU.Build.0 = Release|Any CPU
		{64CF946D-542C-4C9F-9AEA-4FD2CD6D919B}.Debug|Any CPU.ActiveCfg = Debug|Any CPU
		{64CF946D-542C-4C9F-9AEA-4FD2CD6D919B}.Debug|Any CPU.Build.0 = Debug|Any CPU
		{64CF946D-542C-4C9F-9AEA-4FD2CD6D919B}.Release|Any CPU.ActiveCfg = Release|Any CPU
		{64CF946D-542C-4C9F-9AEA-4FD2CD6D919B}.Release|Any CPU.Build.0 = Release|Any CPU
		{BF9F5429-64BB-4EC6-966D-EC37DEB6D754}.Debug|Any CPU.ActiveCfg = Debug|Any CPU
		{BF9F5429-64BB-4EC6-966D-EC37DEB6D754}.Debug|Any CPU.Build.0 = Debug|Any CPU
		{BF9F5429-64BB-4EC6-966D-EC37DEB6D754}.Release|Any CPU.ActiveCfg = Release|Any CPU
		{BF9F5429-64BB-4EC6-966D-EC37DEB6D754}.Release|Any CPU.Build.0 = Release|Any CPU
		{90DAB216-0102-4889-ACED-F5255A99E969}.Debug|Any CPU.ActiveCfg = Debug|Any CPU
		{90DAB216-0102-4889-ACED-F5255A99E969}.Release|Any CPU.ActiveCfg = Release|Any CPU
		{A14DC0B6-E092-49CA-A144-D88A7E66750F}.Debug|Any CPU.ActiveCfg = Debug|Any CPU
		{A14DC0B6-E092-49CA-A144-D88A7E66750F}.Debug|Any CPU.Build.0 = Debug|Any CPU
		{A14DC0B6-E092-49CA-A144-D88A7E66750F}.Release|Any CPU.ActiveCfg = Release|Any CPU
		{A14DC0B6-E092-49CA-A144-D88A7E66750F}.Release|Any CPU.Build.0 = Release|Any CPU
	EndGlobalSection
	GlobalSection(SolutionProperties) = preSolution
		HideSolutionNode = FALSE
	EndGlobalSection
	GlobalSection(ExtensibilityGlobals) = postSolution
		SolutionGuid = {E8C1EA7F-0DAE-47D7-9087-10BFBBF72E3B}
	EndGlobalSection
EndGlobal
